
Microsoft Visual Studio Solution File, Format Version 12.00
# Visual Studio Version 17
VisualStudioVersion = 17.0.31903.59
MinimumVisualStudioVersion = 10.0.40219.1
Project("{FAE04EC0-301F-11D3-BF4B-00C04F79EFBC}") = "Supplement9", "Supplement9\Supplement9.csproj", "{35553637-A2A2-4324-9D55-4B373BEAA8DA}"
EndProject
Project("{FAE04EC0-301F-11D3-BF4B-00C04F79EFBC}") = "Supplement9.Tests", "Supplement9.Tests\Supplement9.Tests.csproj", "{D9A22074-7887-4117-BE1B-128FD847DDC1}"
EndProject
Global
	GlobalSection(SolutionConfigurationPlatforms) = preSolution
		Debug|Any CPU = Debug|Any CPU
		Release|Any CPU = Release|Any CPU
	EndGlobalSection
	GlobalSection(SolutionProperties) = preSolution
		HideSolutionNode = FALSE
	EndGlobalSection
	GlobalSection(ProjectConfigurationPlatforms) = postSolution
		{35553637-A2A2-4324-9D55-4B373BEAA8DA}.Debug|Any CPU.ActiveCfg = Debug|Any CPU
		{35553637-A2A2-4324-9D55-4B373BEAA8DA}.Debug|Any CPU.Build.0 = Debug|Any CPU
		{35553637-A2A2-4324-9D55-4B373BEAA8DA}.Release|Any CPU.ActiveCfg = Release|Any CPU
		{35553637-A2A2-4324-9D55-4B373BEAA8DA}.Release|Any CPU.Build.0 = Release|Any CPU
		{D9A22074-7887-4117-BE1B-128FD847DDC1}.Debug|Any CPU.ActiveCfg = Debug|Any CPU
		{D9A22074-7887-4117-BE1B-128FD847DDC1}.Debug|Any CPU.Build.0 = Debug|Any CPU
		{D9A22074-7887-4117-BE1B-128FD847DDC1}.Release|Any CPU.ActiveCfg = Release|Any CPU
		{D9A22074-7887-4117-BE1B-128FD847DDC1}.Release|Any CPU.Build.0 = Release|Any CPU
	EndGlobalSection
EndGlobal
